
Microsoft Visual Studio Solution File, Format Version 12.00
# Visual Studio Version 17
VisualStudioVersion = 17.4.33122.133
MinimumVisualStudioVersion = 10.0.40219.1
Project("{2150E333-8FDC-42A3-9474-1A3956D46DE8}") = "Core", "Core", "{693F108C-6162-4F6F-8BED-DCDB0495801E}"
EndProject
Project("{2150E333-8FDC-42A3-9474-1A3956D46DE8}") = "Infrastructure", "Infrastructure", "{76F55734-3D4B-4724-BE0D-5F6759FA0263}"
EndProject
Project("{2150E333-8FDC-42A3-9474-1A3956D46DE8}") = "Microservices", "Microservices", "{70DB38FD-2DD7-40D8-8BC4-343D53228183}"
EndProject
Project("{2150E333-8FDC-42A3-9474-1A3956D46DE8}") = "UserAPI", "UserAPI", "{F30B5BC1-FBBA-4B8E-B8F2-9B5D9553EAF5}"
EndProject
Project("{2150E333-8FDC-42A3-9474-1A3956D46DE8}") = "ProductAPI", "ProductAPI", "{0B8F1D0F-3B9E-4291-8063-A5EA6FA1D994}"
EndProject
Project("{2150E333-8FDC-42A3-9474-1A3956D46DE8}") = "Core", "Core", "{E0F1FB41-E803-4063-8B00-A8AB4A90F8A6}"
EndProject
Project("{2150E333-8FDC-42A3-9474-1A3956D46DE8}") = "Infrastructure", "Infrastructure", "{01D44A50-A587-4B88-B9BA-C1A1104DCEEE}"
EndProject
Project("{9A19103F-16F7-4668-BE54-9A1E7A4F7556}") = "User.WebApp", "User.WebApp\User.WebApp.csproj", "{F7ED8095-8797-443B-9689-FE6F011087F2}"
EndProject
Project("{9A19103F-16F7-4668-BE54-9A1E7A4F7556}") = "User.Contracts", "User.Contracts\User.Contracts.csproj", "{7D7BF37C-F4C6-4B97-9027-A38BF097C3FF}"
EndProject
Project("{9A19103F-16F7-4668-BE54-9A1E7A4F7556}") = "User.Services.Abstractions", "User.Services.Abstractions\User.Services.Abstractions.csproj", "{C056B327-5992-4839-901B-CFB5296B62FF}"
EndProject
Project("{9A19103F-16F7-4668-BE54-9A1E7A4F7556}") = "User.Services", "User.Services\User.Services.csproj", "{E571D31C-191F-4472-B99A-E32B782C7D98}"
EndProject
Project("{9A19103F-16F7-4668-BE54-9A1E7A4F7556}") = "User.Presentation", "User.Presentation\User.Presentation.csproj", "{F994DF3A-A5AD-44DF-84D0-4153E39CA244}"
EndProject
Project("{9A19103F-16F7-4668-BE54-9A1E7A4F7556}") = "User.Persistence", "User.Persistence\User.Persistence.csproj", "{8F93286A-52C7-40C7-8312-3AA3F46AD774}"
EndProject
Project("{9A19103F-16F7-4668-BE54-9A1E7A4F7556}") = "User.Domain", "User.Domain\User.Domain.csproj", "{287CC947-2658-41D0-B237-FEC73CFD5239}"
EndProject
Project("{9A19103F-16F7-4668-BE54-9A1E7A4F7556}") = "OcelotGateway", "OcelotGateway\OcelotGateway.csproj", "{A67DBFBA-FAC1-422E-85A0-14453305311B}"
EndProject
Project("{9A19103F-16F7-4668-BE54-9A1E7A4F7556}") = "Product.Contracts", "Product.Contracts\Product.Contracts.csproj", "{C08258CF-D9F5-4B8C-A212-40626CEF2938}"
EndProject
Project("{9A19103F-16F7-4668-BE54-9A1E7A4F7556}") = "Product.Domain", "Product.Domain\Product.Domain.csproj", "{80FA61D3-0A64-4AF8-BB36-47FAE5A72D14}"
EndProject
Project("{9A19103F-16F7-4668-BE54-9A1E7A4F7556}") = "Product.Persistence", "Product.Persistence\Product.Persistence.csproj", "{4AEDF7FA-3CBF-4925-851E-D30C776D84F9}"
EndProject
Project("{9A19103F-16F7-4668-BE54-9A1E7A4F7556}") = "Product.Presentation", "Product.Presentation\Product.Presentation.csproj", "{DB72F298-F4BC-42A4-B7F5-7A12DFE2D72B}"
EndProject
Project("{9A19103F-16F7-4668-BE54-9A1E7A4F7556}") = "Product.Services", "Product.Services\Product.Services.csproj", "{6A42BBC9-99DF-4F97-85C6-D82253C97AAC}"
EndProject
Project("{9A19103F-16F7-4668-BE54-9A1E7A4F7556}") = "Product.Services.Abstractions", "Product.Services.Abstractions\Product.Services.Abstractions.csproj", "{6F490834-8100-4DB7-A939-ED2C74799B84}"
EndProject
Project("{9A19103F-16F7-4668-BE54-9A1E7A4F7556}") = "Product.WebApp", "Product.WebApp\Product.WebApp.csproj", "{30C43533-07C4-4A5A-AF7E-A4B25969EB2E}"
EndProject
Global
	GlobalSection(SolutionConfigurationPlatforms) = preSolution
		Debug|Any CPU = Debug|Any CPU
		Release|Any CPU = Release|Any CPU
	EndGlobalSection
	GlobalSection(ProjectConfigurationPlatforms) = postSolution
		{F7ED8095-8797-443B-9689-FE6F011087F2}.Debug|Any CPU.ActiveCfg = Debug|Any CPU
		{F7ED8095-8797-443B-9689-FE6F011087F2}.Debug|Any CPU.Build.0 = Debug|Any CPU
		{F7ED8095-8797-443B-9689-FE6F011087F2}.Release|Any CPU.ActiveCfg = Release|Any CPU
		{F7ED8095-8797-443B-9689-FE6F011087F2}.Release|Any CPU.Build.0 = Release|Any CPU
		{7D7BF37C-F4C6-4B97-9027-A38BF097C3FF}.Debug|Any CPU.ActiveCfg = Debug|Any CPU
		{7D7BF37C-F4C6-4B97-9027-A38BF097C3FF}.Debug|Any CPU.Build.0 = Debug|Any CPU
		{7D7BF37C-F4C6-4B97-9027-A38BF097C3FF}.Release|Any CPU.ActiveCfg = Release|Any CPU
		{7D7BF37C-F4C6-4B97-9027-A38BF097C3FF}.Release|Any CPU.Build.0 = Release|Any CPU
		{C056B327-5992-4839-901B-CFB5296B62FF}.Debug|Any CPU.ActiveCfg = Debug|Any CPU
		{C056B327-5992-4839-901B-CFB5296B62FF}.Debug|Any CPU.Build.0 = Debug|Any CPU
		{C056B327-5992-4839-901B-CFB5296B62FF}.Release|Any CPU.ActiveCfg = Release|Any CPU
		{C056B327-5992-4839-901B-CFB5296B62FF}.Release|Any CPU.Build.0 = Release|Any CPU
		{E571D31C-191F-4472-B99A-E32B782C7D98}.Debug|Any CPU.ActiveCfg = Debug|Any CPU
		{E571D31C-191F-4472-B99A-E32B782C7D98}.Debug|Any CPU.Build.0 = Debug|Any CPU
		{E571D31C-191F-4472-B99A-E32B782C7D98}.Release|Any CPU.ActiveCfg = Release|Any CPU
		{E571D31C-191F-4472-B99A-E32B782C7D98}.Release|Any CPU.Build.0 = Release|Any CPU
		{F994DF3A-A5AD-44DF-84D0-4153E39CA244}.Debug|Any CPU.ActiveCfg = Debug|Any CPU
		{F994DF3A-A5AD-44DF-84D0-4153E39CA244}.Debug|Any CPU.Build.0 = Debug|Any CPU
		{F994DF3A-A5AD-44DF-84D0-4153E39CA244}.Release|Any CPU.ActiveCfg = Release|Any CPU
		{F994DF3A-A5AD-44DF-84D0-4153E39CA244}.Release|Any CPU.Build.0 = Release|Any CPU
		{8F93286A-52C7-40C7-8312-3AA3F46AD774}.Debug|Any CPU.ActiveCfg = Debug|Any CPU
		{8F93286A-52C7-40C7-8312-3AA3F46AD774}.Debug|Any CPU.Build.0 = Debug|Any CPU
		{8F93286A-52C7-40C7-8312-3AA3F46AD774}.Release|Any CPU.ActiveCfg = Release|Any CPU
		{8F93286A-52C7-40C7-8312-3AA3F46AD774}.Release|Any CPU.Build.0 = Release|Any CPU
		{287CC947-2658-41D0-B237-FEC73CFD5239}.Debug|Any CPU.ActiveCfg = Debug|Any CPU
		{287CC947-2658-41D0-B237-FEC73CFD5239}.Debug|Any CPU.Build.0 = Debug|Any CPU
		{287CC947-2658-41D0-B237-FEC73CFD5239}.Release|Any CPU.ActiveCfg = Release|Any CPU
		{287CC947-2658-41D0-B237-FEC73CFD5239}.Release|Any CPU.Build.0 = Release|Any CPU
		{A67DBFBA-FAC1-422E-85A0-14453305311B}.Debug|Any CPU.ActiveCfg = Debug|Any CPU
		{A67DBFBA-FAC1-422E-85A0-14453305311B}.Debug|Any CPU.Build.0 = Debug|Any CPU
		{A67DBFBA-FAC1-422E-85A0-14453305311B}.Release|Any CPU.ActiveCfg = Release|Any CPU
		{A67DBFBA-FAC1-422E-85A0-14453305311B}.Release|Any CPU.Build.0 = Release|Any CPU
		{C08258CF-D9F5-4B8C-A212-40626CEF2938}.Debug|Any CPU.ActiveCfg = Debug|Any CPU
		{C08258CF-D9F5-4B8C-A212-40626CEF2938}.Debug|Any CPU.Build.0 = Debug|Any CPU
		{C08258CF-D9F5-4B8C-A212-40626CEF2938}.Release|Any CPU.ActiveCfg = Release|Any CPU
		{C08258CF-D9F5-4B8C-A212-40626CEF2938}.Release|Any CPU.Build.0 = Release|Any CPU
		{80FA61D3-0A64-4AF8-BB36-47FAE5A72D14}.Debug|Any CPU.ActiveCfg = Debug|Any CPU
		{80FA61D3-0A64-4AF8-BB36-47FAE5A72D14}.Debug|Any CPU.Build.0 = Debug|Any CPU
		{80FA61D3-0A64-4AF8-BB36-47FAE5A72D14}.Release|Any CPU.ActiveCfg = Release|Any CPU
		{80FA61D3-0A64-4AF8-BB36-47FAE5A72D14}.Release|Any CPU.Build.0 = Release|Any CPU
		{4AEDF7FA-3CBF-4925-851E-D30C776D84F9}.Debug|Any CPU.ActiveCfg = Debug|Any CPU
		{4AEDF7FA-3CBF-4925-851E-D30C776D84F9}.Debug|Any CPU.Build.0 = Debug|Any CPU
		{4AEDF7FA-3CBF-4925-851E-D30C776D84F9}.Release|Any CPU.ActiveCfg = Release|Any CPU
		{4AEDF7FA-3CBF-4925-851E-D30C776D84F9}.Release|Any CPU.Build.0 = Release|Any CPU
		{DB72F298-F4BC-42A4-B7F5-7A12DFE2D72B}.Debug|Any CPU.ActiveCfg = Debug|Any CPU
		{DB72F298-F4BC-42A4-B7F5-7A12DFE2D72B}.Debug|Any CPU.Build.0 = Debug|Any CPU
		{DB72F298-F4BC-42A4-B7F5-7A12DFE2D72B}.Release|Any CPU.ActiveCfg = Release|Any CPU
		{DB72F298-F4BC-42A4-B7F5-7A12DFE2D72B}.Release|Any CPU.Build.0 = Release|Any CPU
		{6A42BBC9-99DF-4F97-85C6-D82253C97AAC}.Debug|Any CPU.ActiveCfg = Debug|Any CPU
		{6A42BBC9-99DF-4F97-85C6-D82253C97AAC}.Debug|Any CPU.Build.0 = Debug|Any CPU
		{6A42BBC9-99DF-4F97-85C6-D82253C97AAC}.Release|Any CPU.ActiveCfg = Release|Any CPU
		{6A42BBC9-99DF-4F97-85C6-D82253C97AAC}.Release|Any CPU.Build.0 = Release|Any CPU
		{6F490834-8100-4DB7-A939-ED2C74799B84}.Debug|Any CPU.ActiveCfg = Debug|Any CPU
		{6F490834-8100-4DB7-A939-ED2C74799B84}.Debug|Any CPU.Build.0 = Debug|Any CPU
		{6F490834-8100-4DB7-A939-ED2C74799B84}.Release|Any CPU.ActiveCfg = Release|Any CPU
		{6F490834-8100-4DB7-A939-ED2C74799B84}.Release|Any CPU.Build.0 = Release|Any CPU
		{30C43533-07C4-4A5A-AF7E-A4B25969EB2E}.Debug|Any CPU.ActiveCfg = Debug|Any CPU
		{30C43533-07C4-4A5A-AF7E-A4B25969EB2E}.Debug|Any CPU.Build.0 = Debug|Any CPU
		{30C43533-07C4-4A5A-AF7E-A4B25969EB2E}.Release|Any CPU.ActiveCfg = Release|Any CPU
		{30C43533-07C4-4A5A-AF7E-A4B25969EB2E}.Release|Any CPU.Build.0 = Release|Any CPU
	EndGlobalSection
	GlobalSection(SolutionProperties) = preSolution
		HideSolutionNode = FALSE
	EndGlobalSection
	GlobalSection(NestedProjects) = preSolution
		{693F108C-6162-4F6F-8BED-DCDB0495801E} = {0B8F1D0F-3B9E-4291-8063-A5EA6FA1D994}
		{76F55734-3D4B-4724-BE0D-5F6759FA0263} = {0B8F1D0F-3B9E-4291-8063-A5EA6FA1D994}
		{F30B5BC1-FBBA-4B8E-B8F2-9B5D9553EAF5} = {70DB38FD-2DD7-40D8-8BC4-343D53228183}
		{0B8F1D0F-3B9E-4291-8063-A5EA6FA1D994} = {70DB38FD-2DD7-40D8-8BC4-343D53228183}
		{E0F1FB41-E803-4063-8B00-A8AB4A90F8A6} = {F30B5BC1-FBBA-4B8E-B8F2-9B5D9553EAF5}
		{01D44A50-A587-4B88-B9BA-C1A1104DCEEE} = {F30B5BC1-FBBA-4B8E-B8F2-9B5D9553EAF5}
		{F7ED8095-8797-443B-9689-FE6F011087F2} = {F30B5BC1-FBBA-4B8E-B8F2-9B5D9553EAF5}
		{7D7BF37C-F4C6-4B97-9027-A38BF097C3FF} = {E0F1FB41-E803-4063-8B00-A8AB4A90F8A6}
		{C056B327-5992-4839-901B-CFB5296B62FF} = {E0F1FB41-E803-4063-8B00-A8AB4A90F8A6}
		{E571D31C-191F-4472-B99A-E32B782C7D98} = {E0F1FB41-E803-4063-8B00-A8AB4A90F8A6}
		{F994DF3A-A5AD-44DF-84D0-4153E39CA244} = {01D44A50-A587-4B88-B9BA-C1A1104DCEEE}
		{8F93286A-52C7-40C7-8312-3AA3F46AD774} = {01D44A50-A587-4B88-B9BA-C1A1104DCEEE}
		{287CC947-2658-41D0-B237-FEC73CFD5239} = {E0F1FB41-E803-4063-8B00-A8AB4A90F8A6}
		{C08258CF-D9F5-4B8C-A212-40626CEF2938} = {693F108C-6162-4F6F-8BED-DCDB0495801E}
		{80FA61D3-0A64-4AF8-BB36-47FAE5A72D14} = {693F108C-6162-4F6F-8BED-DCDB0495801E}
		{4AEDF7FA-3CBF-4925-851E-D30C776D84F9} = {76F55734-3D4B-4724-BE0D-5F6759FA0263}
		{DB72F298-F4BC-42A4-B7F5-7A12DFE2D72B} = {76F55734-3D4B-4724-BE0D-5F6759FA0263}
		{6A42BBC9-99DF-4F97-85C6-D82253C97AAC} = {693F108C-6162-4F6F-8BED-DCDB0495801E}
		{6F490834-8100-4DB7-A939-ED2C74799B84} = {693F108C-6162-4F6F-8BED-DCDB0495801E}
		{30C43533-07C4-4A5A-AF7E-A4B25969EB2E} = {0B8F1D0F-3B9E-4291-8063-A5EA6FA1D994}
	EndGlobalSection
	GlobalSection(ExtensibilityGlobals) = postSolution
		SolutionGuid = {B70BED4B-AAA7-4B2C-9B39-8758C5788021}
	EndGlobalSection
EndGlobal
